// !$*UTF8*$!
{
	archiveVersion = 1;
	classes = {
	};
	objectVersion = 77;
	objects = {

/* Begin PBXBuildFile section */
		49580CC32FEE833600EFE953 /* TMDBCore in Frameworks */ = {isa = PBXBuildFile; productRef = 49580CC22FEE833600EFE953 /* TMDBCore */; };
		49580CC52FEE835300EFE953 /* TMDBCore in Frameworks */ = {isa = PBXBuildFile; productRef = 49580CC42FEE835300EFE953 /* TMDBCore */; };
/* End PBXBuildFile section */

/* Begin PBXContainerItemProxy section */
		47C1561C30339DF00081EEBC /* PBXContainerItemProxy */ = {
			isa = PBXContainerItemProxy;
			containerPortal = 47DDB7BC2F0C1CC400946C49 /* Project object */;
			proxyType = 1;
			remoteGlobalIDString = 494CC0422FEE7BAA000C93C2;
			remoteInfo = TMDBSwiftUI;
		};
/* End PBXContainerItemProxy section */

/* Begin PBXFileReference section */
		47C1561830339DF00081EEBC /* TMDBSwiftUIIntegrationTests.xctest */ = {isa = PBXFileReference; explicitFileType = wrapper.cfbundle; includeInIndex = 0; path = TMDBSwiftUIIntegrationTests.xctest; sourceTree = BUILT_PRODUCTS_DIR; };
		47C156323033A93C0081EEBC /* tmdb-app.xctestplan */ = {isa = PBXFileReference; lastKnownFileType = file; path = "tmdb-app.xctestplan"; sourceTree = "<group>"; };
		490375882FEE7E0300C6DB3C /* TMDBCore */ = {isa = PBXFileReference; lastKnownFileType = wrapper; path = TMDBCore; sourceTree = "<group>"; };
		4939C9B22FF0BC5A000B5CF1 /* AGENTS.md */ = {isa = PBXFileReference; lastKnownFileType = net.daringfireball.markdown; path = AGENTS.md; sourceTree = "<group>"; };
		494CC0432FEE7BAA000C93C2 /* TMDBSwiftUI.app */ = {isa = PBXFileReference; explicitFileType = wrapper.application; includeInIndex = 0; path = TMDBSwiftUI.app; sourceTree = BUILT_PRODUCTS_DIR; };
		49580C922FEE827300EFE953 /* TMDBUIKit.app */ = {isa = PBXFileReference; explicitFileType = wrapper.application; includeInIndex = 0; path = TMDBUIKit.app; sourceTree = BUILT_PRODUCTS_DIR; };
		49FAFA972FD8A54A00A4D174 /* CLAUDE.md */ = {isa = PBXFileReference; lastKnownFileType = net.daringfireball.markdown; path = CLAUDE.md; sourceTree = "<group>"; };
/* End PBXFileReference section */

/* Begin PBXFileSystemSynchronizedBuildFileExceptionSet section */
		4939C9272FEF1C74000B5CF1 /* Exceptions for "TMDBSwiftUI" folder in "TMDBSwiftUI" target */ = {
			isa = PBXFileSystemSynchronizedBuildFileExceptionSet;
			membershipExceptions = (
				Config.xcconfig,
				Config.xcconfig.example,
				Info.plist,
				Localizable.xcstrings,
			);
			target = 494CC0422FEE7BAA000C93C2 /* TMDBSwiftUI */;
		};
		49580CBD2FEE827400EFE953 /* Exceptions for "TMDBUIKit" folder in "TMDBUIKit" target */ = {
			isa = PBXFileSystemSynchronizedBuildFileExceptionSet;
			membershipExceptions = (
				Config.xcconfig,
				Config.xcconfig.example,
				Info.plist,
			);
			target = 49580C912FEE827300EFE953 /* TMDBUIKit */;
		};
/* End PBXFileSystemSynchronizedBuildFileExceptionSet section */

/* Begin PBXFileSystemSynchronizedRootGroup section */
		47C1561930339DF00081EEBC /* TMDBSwiftUIIntegrationTests */ = {
			isa = PBXFileSystemSynchronizedRootGroup;
			path = TMDBSwiftUIIntegrationTests;
			sourceTree = "<group>";
		};
		494CC0442FEE7BAA000C93C2 /* TMDBSwiftUI */ = {
			isa = PBXFileSystemSynchronizedRootGroup;
			exceptions = (
				4939C9272FEF1C74000B5CF1 /* Exceptions for "TMDBSwiftUI" folder in "TMDBSwiftUI" target */,
			);
			path = TMDBSwiftUI;
			sourceTree = "<group>";
		};
		49580C932FEE827300EFE953 /* TMDBUIKit */ = {
			isa = PBXFileSystemSynchronizedRootGroup;
			exceptions = (
				49580CBD2FEE827400EFE953 /* Exceptions for "TMDBUIKit" folder in "TMDBUIKit" target */,
			);
			path = TMDBUIKit;
			sourceTree = "<group>";
		};
/* End PBXFileSystemSynchronizedRootGroup section */

/* Begin PBXFrameworksBuildPhase section */
		47C1561530339DF00081EEBC /* Frameworks */ = {
			isa = PBXFrameworksBuildPhase;
			buildActionMask = 2147483647;
			files = (
			);
			runOnlyForDeploymentPostprocessing = 0;
		};
		494CC0402FEE7BAA000C93C2 /* Frameworks */ = {
			isa = PBXFrameworksBuildPhase;
			buildActionMask = 2147483647;
			files = (
				49580CC32FEE833600EFE953 /* TMDBCore in Frameworks */,
			);
			runOnlyForDeploymentPostprocessing = 0;
		};
		49580C8F2FEE827300EFE953 /* Frameworks */ = {
			isa = PBXFrameworksBuildPhase;
			buildActionMask = 2147483647;
			files = (
				49580CC52FEE835300EFE953 /* TMDBCore in Frameworks */,
			);
			runOnlyForDeploymentPostprocessing = 0;
		};
/* End PBXFrameworksBuildPhase section */

/* Begin PBXGroup section */
		47DDB7BB2F0C1CC400946C49 = {
			isa = PBXGroup;
			children = (
				47C156323033A93C0081EEBC /* tmdb-app.xctestplan */,
				490375882FEE7E0300C6DB3C /* TMDBCore */,
				4939C9B22FF0BC5A000B5CF1 /* AGENTS.md */,
				49FAFA972FD8A54A00A4D174 /* CLAUDE.md */,
				494CC0442FEE7BAA000C93C2 /* TMDBSwiftUI */,
				49580C932FEE827300EFE953 /* TMDBUIKit */,
				47C1561930339DF00081EEBC /* TMDBSwiftUIIntegrationTests */,
				49580CC12FEE833600EFE953 /* Frameworks */,
				47DDB7C52F0C1CC400946C49 /* Products */,
			);
			sourceTree = "<group>";
		};
		47DDB7C52F0C1CC400946C49 /* Products */ = {
			isa = PBXGroup;
			children = (
				494CC0432FEE7BAA000C93C2 /* TMDBSwiftUI.app */,
				49580C922FEE827300EFE953 /* TMDBUIKit.app */,
				47C1561830339DF00081EEBC /* TMDBSwiftUIIntegrationTests.xctest */,
			);
			name = Products;
			sourceTree = "<group>";
		};
		49580CC12FEE833600EFE953 /* Frameworks */ = {
			isa = PBXGroup;
			children = (
			);
			name = Frameworks;
			sourceTree = "<group>";
		};
/* End PBXGroup section */

/* Begin PBXNativeTarget section */
		47C1561730339DF00081EEBC /* TMDBSwiftUIIntegrationTests */ = {
			isa = PBXNativeTarget;
			buildConfigurationList = 47C1562030339DF00081EEBC /* Build configuration list for PBXNativeTarget "TMDBSwiftUIIntegrationTests" */;
			buildPhases = (
				47C1561430339DF00081EEBC /* Sources */,
				47C1561530339DF00081EEBC /* Frameworks */,
				47C1561630339DF00081EEBC /* Resources */,
			);
			buildRules = (
			);
			dependencies = (
				47C1561D30339DF00081EEBC /* PBXTargetDependency */,
			);
			fileSystemSynchronizedGroups = (
				47C1561930339DF00081EEBC /* TMDBSwiftUIIntegrationTests */,
			);
			name = TMDBSwiftUIIntegrationTests;
			packageProductDependencies = (
			);
			productName = TMDBSwiftUIIntegrationTests;
			productReference = 47C1561830339DF00081EEBC /* TMDBSwiftUIIntegrationTests.xctest */;
			productType = "com.apple.product-type.bundle.unit-test";
		};
		494CC0422FEE7BAA000C93C2 /* TMDBSwiftUI */ = {
			isa = PBXNativeTarget;
			buildConfigurationList = 494CC0652FEE7BAB000C93C2 /* Build configuration list for PBXNativeTarget "TMDBSwiftUI" */;
			buildPhases = (
				494CC03F2FEE7BAA000C93C2 /* Sources */,
				494CC0402FEE7BAA000C93C2 /* Frameworks */,
				494CC0412FEE7BAA000C93C2 /* Resources */,
			);
			buildRules = (
			);
			dependencies = (
			);
			fileSystemSynchronizedGroups = (
				494CC0442FEE7BAA000C93C2 /* TMDBSwiftUI */,
			);
			name = TMDBSwiftUI;
			packageProductDependencies = (
				49580CC22FEE833600EFE953 /* TMDBCore */,
			);
			productName = TMDBSwiftUI;
			productReference = 494CC0432FEE7BAA000C93C2 /* TMDBSwiftUI.app */;
			productType = "com.apple.product-type.application";
		};
		49580C912FEE827300EFE953 /* TMDBUIKit */ = {
			isa = PBXNativeTarget;
			buildConfigurationList = 49580CBE2FEE827400EFE953 /* Build configuration list for PBXNativeTarget "TMDBUIKit" */;
			buildPhases = (
				49580C8E2FEE827300EFE953 /* Sources */,
				49580C8F2FEE827300EFE953 /* Frameworks */,
				49580C902FEE827300EFE953 /* Resources */,
			);
			buildRules = (
			);
			dependencies = (
			);
			fileSystemSynchronizedGroups = (
				49580C932FEE827300EFE953 /* TMDBUIKit */,
			);
			name = TMDBUIKit;
			packageProductDependencies = (
				49580CC42FEE835300EFE953 /* TMDBCore */,
			);
			productName = TMDBUIKit;
			productReference = 49580C922FEE827300EFE953 /* TMDBUIKit.app */;
			productType = "com.apple.product-type.application";
		};
/* End PBXNativeTarget section */

/* Begin PBXProject section */
		47DDB7BC2F0C1CC400946C49 /* Project object */ = {
			isa = PBXProject;
			attributes = {
				BuildIndependentTargetsInParallel = 1;
				LastSwiftUpdateCheck = 2700;
				LastUpgradeCheck = 2700;
				TargetAttributes = {
					47C1561730339DF00081EEBC = {
						CreatedOnToolsVersion = 27.0;
						TestTargetID = 494CC0422FEE7BAA000C93C2;
					};
					494CC0422FEE7BAA000C93C2 = {
						CreatedOnToolsVersion = 27.0;
					};
					49580C912FEE827300EFE953 = {
						CreatedOnToolsVersion = 27.0;
					};
				};
			};
			buildConfigurationList = 47DDB7BF2F0C1CC400946C49 /* Build configuration list for PBXProject "tmdb-app" */;
			developmentRegion = en;
			hasScannedForEncodings = 0;
			knownRegions = (
				en,
				Base,
				"es-419",
			);
			mainGroup = 47DDB7BB2F0C1CC400946C49;
			minimizedProjectReferenceProxies = 1;
			preferredProjectObjectVersion = 77;
			productRefGroup = 47DDB7C52F0C1CC400946C49 /* Products */;
			projectDirPath = "";
			projectRoot = "";
			targets = (
				494CC0422FEE7BAA000C93C2 /* TMDBSwiftUI */,
				49580C912FEE827300EFE953 /* TMDBUIKit */,
				47C1561730339DF00081EEBC /* TMDBSwiftUIIntegrationTests */,
			);
		};
/* End PBXProject section */

/* Begin PBXResourcesBuildPhase section */
		47C1561630339DF00081EEBC /* Resources */ = {
			isa = PBXResourcesBuildPhase;
			buildActionMask = 2147483647;
			files = (
			);
			runOnlyForDeploymentPostprocessing = 0;
		};
		494CC0412FEE7BAA000C93C2 /* Resources */ = {
			isa = PBXResourcesBuildPhase;
			buildActionMask = 2147483647;
			files = (
			);
			runOnlyForDeploymentPostprocessing = 0;
		};
		49580C902FEE827300EFE953 /* Resources */ = {
			isa = PBXResourcesBuildPhase;
			buildActionMask = 2147483647;
			files = (
			);
			runOnlyForDeploymentPostprocessing = 0;
		};
/* End PBXResourcesBuildPhase section */

/* Begin PBXSourcesBuildPhase section */
		47C1561430339DF00081EEBC /* Sources */ = {
			isa = PBXSourcesBuildPhase;
			buildActionMask = 2147483647;
			files = (
			);
			runOnlyForDeploymentPostprocessing = 0;
		};
		494CC03F2FEE7BAA000C93C2 /* Sources */ = {
			isa = PBXSourcesBuildPhase;
			buildActionMask = 2147483647;
			files = (
			);
			runOnlyForDeploymentPostprocessing = 0;
		};
		49580C8E2FEE827300EFE953 /* Sources */ = {
			isa = PBXSourcesBuildPhase;
			buildActionMask = 2147483647;
			files = (
			);
			runOnlyForDeploymentPostprocessing = 0;
		};
/* End PBXSourcesBuildPhase section */

/* Begin PBXTargetDependency section */
		47C1561D30339DF00081EEBC /* PBXTargetDependency */ = {
			isa = PBXTargetDependency;
			target = 494CC0422FEE7BAA000C93C2 /* TMDBSwiftUI */;
			targetProxy = 47C1561C30339DF00081EEBC /* PBXContainerItemProxy */;
		};
/* End PBXTargetDependency section */

/* Begin XCBuildConfiguration section */
		47C1561E30339DF00081EEBC /* Debug */ = {
			isa = XCBuildConfiguration;
			buildSettings = {
				BUNDLE_LOADER = "$(TEST_HOST)";
				CODE_SIGN_STYLE = Automatic;
				CURRENT_PROJECT_VERSION = 1;
				GENERATE_INFOPLIST_FILE = YES;
				IPHONEOS_DEPLOYMENT_TARGET = 17.6;
				MACOSX_DEPLOYMENT_TARGET = 14.6;
				MARKETING_VERSION = 1.0;
				PRODUCT_BUNDLE_IDENTIFIER = com.juanfernandez.TMDBSwiftUI.TMDBSwiftUIIntegrationTests;
				PRODUCT_NAME = "$(TARGET_NAME)";
				SDKROOT = auto;
				STRING_CATALOG_GENERATE_SYMBOLS = NO;
				SUPPORTED_PLATFORMS = "iphoneos iphonesimulator macosx xros xrsimulator";
				SWIFT_APPROACHABLE_CONCURRENCY = YES;
				SWIFT_EMIT_LOC_STRINGS = NO;
				SWIFT_UPCOMING_FEATURE_MEMBER_IMPORT_VISIBILITY = YES;
				SWIFT_VERSION = 5.0;
				TARGETED_DEVICE_FAMILY = "1,2,7";
				TEST_HOST = "$(BUILT_PRODUCTS_DIR)/TMDBSwiftUI.app/$(BUNDLE_EXECUTABLE_FOLDER_PATH)/TMDBSwiftUI";
				XROS_DEPLOYMENT_TARGET = 2.6;
			};
			name = Debug;
		};
		47C1561F30339DF00081EEBC /* Release */ = {
			isa = XCBuildConfiguration;
			buildSettings = {
				BUNDLE_LOADER = "$(TEST_HOST)";
				CODE_SIGN_STYLE = Automatic;
				CURRENT_PROJECT_VERSION = 1;
				GENERATE_INFOPLIST_FILE = YES;
				IPHONEOS_DEPLOYMENT_TARGET = 17.6;
				MACOSX_DEPLOYMENT_TARGET = 14.6;
				MARKETING_VERSION = 1.0;
				PRODUCT_BUNDLE_IDENTIFIER = com.juanfernandez.TMDBSwiftUI.TMDBSwiftUIIntegrationTests;
				PRODUCT_NAME = "$(TARGET_NAME)";
				SDKROOT = auto;
				STRING_CATALOG_GENERATE_SYMBOLS = NO;
				SUPPORTED_PLATFORMS = "iphoneos iphonesimulator macosx xros xrsimulator";
				SWIFT_APPROACHABLE_CONCURRENCY = YES;
				SWIFT_EMIT_LOC_STRINGS = NO;
				SWIFT_UPCOMING_FEATURE_MEMBER_IMPORT_VISIBILITY = YES;
				SWIFT_VERSION = 5.0;
				TARGETED_DEVICE_FAMILY = "1,2,7";
				TEST_HOST = "$(BUILT_PRODUCTS_DIR)/TMDBSwiftUI.app/$(BUNDLE_EXECUTABLE_FOLDER_PATH)/TMDBSwiftUI";
				XROS_DEPLOYMENT_TARGET = 2.6;
			};
			name = Release;
		};
		47DDB7F02F0C1CC700946C49 /* Debug */ = {
			isa = XCBuildConfiguration;
			buildSettings = {
				ALWAYS_SEARCH_USER_PATHS = NO;
				ASSETCATALOG_COMPILER_GENERATE_SWIFT_ASSET_SYMBOL_EXTENSIONS = YES;
				CLANG_ANALYZER_LOCALIZABILITY_NONLOCALIZED = YES;
				CLANG_ANALYZER_NONNULL = YES;
				CLANG_ANALYZER_NUMBER_OBJECT_CONVERSION = YES_AGGRESSIVE;
				CLANG_CXX_LANGUAGE_STANDARD = "gnu++20";
				CLANG_ENABLE_MODULES = YES;
				CLANG_ENABLE_OBJC_ARC = YES;
				CLANG_ENABLE_OBJC_WEAK = YES;
				CLANG_WARN_BLOCK_CAPTURE_AUTORELEASING = YES;
				CLANG_WARN_BOOL_CONVERSION = YES;
				CLANG_WARN_COMMA = YES;
				CLANG_WARN_CONSTANT_CONVERSION = YES;
				CLANG_WARN_DEPRECATED_OBJC_IMPLEMENTATIONS = YES;
				CLANG_WARN_DIRECT_OBJC_ISA_USAGE = YES_ERROR;
				CLANG_WARN_DOCUMENTATION_COMMENTS = YES;
				CLANG_WARN_EMPTY_BODY = YES;
				CLANG_WARN_ENUM_CONVERSION = YES;
				CLANG_WARN_INFINITE_RECURSION = YES;
				CLANG_WARN_INT_CONVERSION = YES;
				CLANG_WARN_NON_LITERAL_NULL_CONVERSION = YES;
				CLANG_WARN_OBJC_IMPLICIT_RETAIN_SELF = YES;
				CLANG_WARN_OBJC_LITERAL_CONVERSION = YES;
				CLANG_WARN_OBJC_ROOT_CLASS = YES_ERROR;
				CLANG_WARN_QUOTED_INCLUDE_IN_FRAMEWORK_HEADER = YES;
				CLANG_WARN_RANGE_LOOP_ANALYSIS = YES;
				CLANG_WARN_STRICT_PROTOTYPES = YES;
				CLANG_WARN_SUSPICIOUS_MOVE = YES;
				CLANG_WARN_UNGUARDED_AVAILABILITY = YES_AGGRESSIVE;
				CLANG_WARN_UNREACHABLE_CODE = YES;
				CLANG_WARN__DUPLICATE_METHOD_MATCH = YES;
				COPY_PHASE_STRIP = NO;
				DEBUG_INFORMATION_FORMAT = dwarf;
				ENABLE_STRICT_OBJC_MSGSEND = YES;
				ENABLE_TESTABILITY = YES;
				ENABLE_USER_SCRIPT_SANDBOXING = YES;
				GCC_C_LANGUAGE_STANDARD = gnu17;
				GCC_DYNAMIC_NO_PIC = NO;
				GCC_NO_COMMON_BLOCKS = YES;
				GCC_OPTIMIZATION_LEVEL = 0;
				GCC_PREPROCESSOR_DEFINITIONS = (
					"DEBUG=1",
					"$(inherited)",
				);
				GCC_WARN_64_TO_32_BIT_CONVERSION = YES;
				GCC_WARN_ABOUT_RETURN_TYPE = YES_ERROR;
				GCC_WARN_UNDECLARED_SELECTOR = YES;
				GCC_WARN_UNINITIALIZED_AUTOS = YES_AGGRESSIVE;
				GCC_WARN_UNUSED_FUNCTION = YES;
				GCC_WARN_UNUSED_VARIABLE = YES;
				IPHONEOS_DEPLOYMENT_TARGET = 18.5;
				LOCALIZATION_PREFERS_STRING_CATALOGS = YES;
				MTL_ENABLE_DEBUG_INFO = INCLUDE_SOURCE;
				MTL_FAST_MATH = YES;
				ONLY_ACTIVE_ARCH = YES;
				SDKROOT = iphoneos;
				STRING_CATALOG_GENERATE_SYMBOLS = YES;
				SWIFT_ACTIVE_COMPILATION_CONDITIONS = "DEBUG $(inherited)";
				SWIFT_EMIT_LOC_STRINGS = YES;
				SWIFT_OPTIMIZATION_LEVEL = "-Onone";
			};
			name = Debug;
		};
		47DDB7F12F0C1CC700946C49 /* Release */ = {
			isa = XCBuildConfiguration;
			buildSettings = {
				ALWAYS_SEARCH_USER_PATHS = NO;
				ASSETCATALOG_COMPILER_GENERATE_SWIFT_ASSET_SYMBOL_EXTENSIONS = YES;
				CLANG_ANALYZER_LOCALIZABILITY_NONLOCALIZED = YES;
				CLANG_ANALYZER_NONNULL = YES;
				CLANG_ANALYZER_NUMBER_OBJECT_CONVERSION = YES_AGGRESSIVE;
				CLANG_CXX_LANGUAGE_STANDARD = "gnu++20";
				CLANG_ENABLE_MODULES = YES;
				CLANG_ENABLE_OBJC_ARC = YES;
				CLANG_ENABLE_OBJC_WEAK = YES;
				CLANG_WARN_BLOCK_CAPTURE_AUTORELEASING = YES;
				CLANG_WARN_BOOL_CONVERSION = YES;
				CLANG_WARN_COMMA = YES;
				CLANG_WARN_CONSTANT_CONVERSION = YES;
				CLANG_WARN_DEPRECATED_OBJC_IMPLEMENTATIONS = YES;
				CLANG_WARN_DIRECT_OBJC_ISA_USAGE = YES_ERROR;
				CLANG_WARN_DOCUMENTATION_COMMENTS = YES;
				CLANG_WARN_EMPTY_BODY = YES;
				CLANG_WARN_ENUM_CONVERSION = YES;
				CLANG_WARN_INFINITE_RECURSION = YES;
				CLANG_WARN_INT_CONVERSION = YES;
				CLANG_WARN_NON_LITERAL_NULL_CONVERSION = YES;
				CLANG_WARN_OBJC_IMPLICIT_RETAIN_SELF = YES;
				CLANG_WARN_OBJC_LITERAL_CONVERSION = YES;
				CLANG_WARN_OBJC_ROOT_CLASS = YES_ERROR;
				CLANG_WARN_QUOTED_INCLUDE_IN_FRAMEWORK_HEADER = YES;
				CLANG_WARN_RANGE_LOOP_ANALYSIS = YES;
				CLANG_WARN_STRICT_PROTOTYPES = YES;
				CLANG_WARN_SUSPICIOUS_MOVE = YES;
				CLANG_WARN_UNGUARDED_AVAILABILITY = YES_AGGRESSIVE;
				CLANG_WARN_UNREACHABLE_CODE = YES;
				CLANG_WARN__DUPLICATE_METHOD_MATCH = YES;
				COPY_PHASE_STRIP = NO;
				DEBUG_INFORMATION_FORMAT = "dwarf-with-dsym";
				ENABLE_NS_ASSERTIONS = NO;
				ENABLE_STRICT_OBJC_MSGSEND = YES;
				ENABLE_USER_SCRIPT_SANDBOXING = YES;
				GCC_C_LANGUAGE_STANDARD = gnu17;
				GCC_NO_COMMON_BLOCKS = YES;
				GCC_WARN_64_TO_32_BIT_CONVERSION = YES;
				GCC_WARN_ABOUT_RETURN_TYPE = YES_ERROR;
				GCC_WARN_UNDECLARED_SELECTOR = YES;
				GCC_WARN_UNINITIALIZED_AUTOS = YES_AGGRESSIVE;
				GCC_WARN_UNUSED_FUNCTION = YES;
				GCC_WARN_UNUSED_VARIABLE = YES;
				IPHONEOS_DEPLOYMENT_TARGET = 18.5;
				LOCALIZATION_PREFERS_STRING_CATALOGS = YES;
				MTL_ENABLE_DEBUG_INFO = NO;
				MTL_FAST_MATH = YES;
				SDKROOT = iphoneos;
				STRING_CATALOG_GENERATE_SYMBOLS = YES;
				SWIFT_COMPILATION_MODE = wholemodule;
				SWIFT_EMIT_LOC_STRINGS = YES;
				VALIDATE_PRODUCT = YES;
			};
			name = Release;
		};
		494CC05F2FEE7BAB000C93C2 /* Debug */ = {
			isa = XCBuildConfiguration;
			baseConfigurationReferenceAnchor = 494CC0442FEE7BAA000C93C2 /* TMDBSwiftUI */;
			baseConfigurationReferenceRelativePath = Config.xcconfig;
			buildSettings = {
				ASSETCATALOG_COMPILER_APPICON_NAME = AppIcon;
				ASSETCATALOG_COMPILER_GLOBAL_ACCENT_COLOR_NAME = AccentColor;
				CODE_SIGN_STYLE = Automatic;
				CURRENT_PROJECT_VERSION = 1;
				ENABLE_PREVIEWS = YES;
				GENERATE_INFOPLIST_FILE = YES;
				INFOPLIST_FILE = TMDBSwiftUI/Info.plist;
				INFOPLIST_KEY_UIApplicationSceneManifest_Generation = YES;
				INFOPLIST_KEY_UIApplicationSupportsIndirectInputEvents = YES;
				INFOPLIST_KEY_UILaunchScreen_Generation = YES;
				INFOPLIST_KEY_UISupportedInterfaceOrientations_iPad = "UIInterfaceOrientationPortrait UIInterfaceOrientationPortraitUpsideDown UIInterfaceOrientationLandscapeLeft UIInterfaceOrientationLandscapeRight";
				INFOPLIST_KEY_UISupportedInterfaceOrientations_iPhone = "UIInterfaceOrientationPortrait UIInterfaceOrientationLandscapeLeft UIInterfaceOrientationLandscapeRight";
				IPHONEOS_DEPLOYMENT_TARGET = 17.6;
				LD_RUNPATH_SEARCH_PATHS = (
					"$(inherited)",
					"@executable_path/Frameworks",
				);
				MARKETING_VERSION = 1.0;
				PRODUCT_BUNDLE_IDENTIFIER = com.juanfernandez.TMDBSwiftUI;
				PRODUCT_NAME = "$(TARGET_NAME)";
				STRING_CATALOG_GENERATE_SYMBOLS = YES;
				SWIFT_APPROACHABLE_CONCURRENCY = YES;
				SWIFT_DEFAULT_ACTOR_ISOLATION = MainActor;
				SWIFT_EMIT_LOC_STRINGS = YES;
				SWIFT_UPCOMING_FEATURE_MEMBER_IMPORT_VISIBILITY = YES;
				SWIFT_VERSION = 5.0;
				TARGETED_DEVICE_FAMILY = "1,2";
			};
			name = Debug;
		};
		494CC0602FEE7BAB000C93C2 /* Release */ = {
			isa = XCBuildConfiguration;
			baseConfigurationReferenceAnchor = 494CC0442FEE7BAA000C93C2 /* TMDBSwiftUI */;
			baseConfigurationReferenceRelativePath = Config.xcconfig;
			buildSettings = {
				ASSETCATALOG_COMPILER_APPICON_NAME = AppIcon;
				ASSETCATALOG_COMPILER_GLOBAL_ACCENT_COLOR_NAME = AccentColor;
				CODE_SIGN_STYLE = Automatic;
				CURRENT_PROJECT_VERSION = 1;
				ENABLE_PREVIEWS = YES;
				GENERATE_INFOPLIST_FILE = YES;
				INFOPLIST_FILE = TMDBSwiftUI/Info.plist;
				INFOPLIST_KEY_UIApplicationSceneManifest_Generation = YES;
				INFOPLIST_KEY_UIApplicationSupportsIndirectInputEvents = YES;
				INFOPLIST_KEY_UILaunchScreen_Generation = YES;
				INFOPLIST_KEY_UISupportedInterfaceOrientations_iPad = "UIInterfaceOrientationPortrait UIInterfaceOrientationPortraitUpsideDown UIInterfaceOrientationLandscapeLeft UIInterfaceOrientationLandscapeRight";
				INFOPLIST_KEY_UISupportedInterfaceOrientations_iPhone = "UIInterfaceOrientationPortrait UIInterfaceOrientationLandscapeLeft UIInterfaceOrientationLandscapeRight";
				IPHONEOS_DEPLOYMENT_TARGET = 17.6;
				LD_RUNPATH_SEARCH_PATHS = (
					"$(inherited)",
					"@executable_path/Frameworks",
				);
				MARKETING_VERSION = 1.0;
				PRODUCT_BUNDLE_IDENTIFIER = com.juanfernandez.TMDBSwiftUI;
				PRODUCT_NAME = "$(TARGET_NAME)";
				STRING_CATALOG_GENERATE_SYMBOLS = YES;
				SWIFT_APPROACHABLE_CONCURRENCY = YES;
				SWIFT_DEFAULT_ACTOR_ISOLATION = MainActor;
				SWIFT_EMIT_LOC_STRINGS = YES;
				SWIFT_UPCOMING_FEATURE_MEMBER_IMPORT_VISIBILITY = YES;
				SWIFT_VERSION = 5.0;
				TARGETED_DEVICE_FAMILY = "1,2";
			};
			name = Release;
		};
		49580CB72FEE827400EFE953 /* Debug */ = {
			isa = XCBuildConfiguration;
			baseConfigurationReferenceAnchor = 49580C932FEE827300EFE953 /* TMDBUIKit */;
			baseConfigurationReferenceRelativePath = Config.xcconfig;
			buildSettings = {
				ASSETCATALOG_COMPILER_APPICON_NAME = AppIcon;
				ASSETCATALOG_COMPILER_GLOBAL_ACCENT_COLOR_NAME = AccentColor;
				CODE_SIGN_STYLE = Automatic;
				CURRENT_PROJECT_VERSION = 1;
				GENERATE_INFOPLIST_FILE = YES;
				INFOPLIST_FILE = TMDBUIKit/Info.plist;
				INFOPLIST_KEY_UIApplicationSupportsIndirectInputEvents = YES;
				INFOPLIST_KEY_UILaunchStoryboardName = LaunchScreen;
				INFOPLIST_KEY_UIMainStoryboardFile = Main;
				INFOPLIST_KEY_UISupportedInterfaceOrientations_iPad = "UIInterfaceOrientationPortrait UIInterfaceOrientationPortraitUpsideDown UIInterfaceOrientationLandscapeLeft UIInterfaceOrientationLandscapeRight";
				INFOPLIST_KEY_UISupportedInterfaceOrientations_iPhone = "UIInterfaceOrientationPortrait UIInterfaceOrientationLandscapeLeft UIInterfaceOrientationLandscapeRight";
				IPHONEOS_DEPLOYMENT_TARGET = 17.6;
				LD_RUNPATH_SEARCH_PATHS = (
					"$(inherited)",
					"@executable_path/Frameworks",
				);
				MARKETING_VERSION = 1.0;
				PRODUCT_BUNDLE_IDENTIFIER = com.juanfernandez.TMDBUIKit;
				PRODUCT_NAME = "$(TARGET_NAME)";
				STRING_CATALOG_GENERATE_SYMBOLS = YES;
				SWIFT_APPROACHABLE_CONCURRENCY = YES;
				SWIFT_DEFAULT_ACTOR_ISOLATION = MainActor;
				SWIFT_EMIT_LOC_STRINGS = YES;
				SWIFT_UPCOMING_FEATURE_MEMBER_IMPORT_VISIBILITY = YES;
				SWIFT_VERSION = 5.0;
				TARGETED_DEVICE_FAMILY = "1,2";
			};
			name = Debug;
		};
		49580CB82FEE827400EFE953 /* Release */ = {
			isa = XCBuildConfiguration;
			baseConfigurationReferenceAnchor = 49580C932FEE827300EFE953 /* TMDBUIKit */;
			baseConfigurationReferenceRelativePath = Config.xcconfig;
			buildSettings = {
				ASSETCATALOG_COMPILER_APPICON_NAME = AppIcon;
				ASSETCATALOG_COMPILER_GLOBAL_ACCENT_COLOR_NAME = AccentColor;
				CODE_SIGN_STYLE = Automatic;
				CURRENT_PROJECT_VERSION = 1;
				GENERATE_INFOPLIST_FILE = YES;
				INFOPLIST_FILE = TMDBUIKit/Info.plist;
				INFOPLIST_KEY_UIApplicationSupportsIndirectInputEvents = YES;
				INFOPLIST_KEY_UILaunchStoryboardName = LaunchScreen;
				INFOPLIST_KEY_UIMainStoryboardFile = Main;
				INFOPLIST_KEY_UISupportedInterfaceOrientations_iPad = "UIInterfaceOrientationPortrait UIInterfaceOrientationPortraitUpsideDown UIInterfaceOrientationLandscapeLeft UIInterfaceOrientationLandscapeRight";
				INFOPLIST_KEY_UISupportedInterfaceOrientations_iPhone = "UIInterfaceOrientationPortrait UIInterfaceOrientationLandscapeLeft UIInterfaceOrientationLandscapeRight";
				IPHONEOS_DEPLOYMENT_TARGET = 17.6;
				LD_RUNPATH_SEARCH_PATHS = (
					"$(inherited)",
					"@executable_path/Frameworks",
				);
				MARKETING_VERSION = 1.0;
				PRODUCT_BUNDLE_IDENTIFIER = com.juanfernandez.TMDBUIKit;
				PRODUCT_NAME = "$(TARGET_NAME)";
				STRING_CATALOG_GENERATE_SYMBOLS = YES;
				SWIFT_APPROACHABLE_CONCURRENCY = YES;
				SWIFT_DEFAULT_ACTOR_ISOLATION = MainActor;
				SWIFT_EMIT_LOC_STRINGS = YES;
				SWIFT_UPCOMING_FEATURE_MEMBER_IMPORT_VISIBILITY = YES;
				SWIFT_VERSION = 5.0;
				TARGETED_DEVICE_FAMILY = "1,2";
			};
			name = Release;
		};
/* End XCBuildConfiguration section */

/* Begin XCConfigurationList section */
		47C1562030339DF00081EEBC /* Build configuration list for PBXNativeTarget "TMDBSwiftUIIntegrationTests" */ = {
			isa = XCConfigurationList;
			buildConfigurations = (
				47C1561E30339DF00081EEBC /* Debug */,
				47C1561F30339DF00081EEBC /* Release */,
			);
			defaultConfigurationIsVisible = 0;
			defaultConfigurationName = Release;
		};
		47DDB7BF2F0C1CC400946C49 /* Build configuration list for PBXProject "tmdb-app" */ = {
			isa = XCConfigurationList;
			buildConfigurations = (
				47DDB7F02F0C1CC700946C49 /* Debug */,
				47DDB7F12F0C1CC700946C49 /* Release */,
			);
			defaultConfigurationIsVisible = 0;
			defaultConfigurationName = Release;
		};
		494CC0652FEE7BAB000C93C2 /* Build configuration list for PBXNativeTarget "TMDBSwiftUI" */ = {
			isa = XCConfigurationList;
			buildConfigurations = (
				494CC05F2FEE7BAB000C93C2 /* Debug */,
				494CC0602FEE7BAB000C93C2 /* Release */,
			);
			defaultConfigurationIsVisible = 0;
			defaultConfigurationName = Release;
		};
		49580CBE2FEE827400EFE953 /* Build configuration list for PBXNativeTarget "TMDBUIKit" */ = {
			isa = XCConfigurationList;
			buildConfigurations = (
				49580CB72FEE827400EFE953 /* Debug */,
				49580CB82FEE827400EFE953 /* Release */,
			);
			defaultConfigurationIsVisible = 0;
			defaultConfigurationName = Release;
		};
/* End XCConfigurationList section */

/* Begin XCSwiftPackageProductDependency section */
		49580CC22FEE833600EFE953 /* TMDBCore */ = {
			isa = XCSwiftPackageProductDependency;
			productName = TMDBCore;
		};
		49580CC42FEE835300EFE953 /* TMDBCore */ = {
			isa = XCSwiftPackageProductDependency;
			productName = TMDBCore;
		};
/* End XCSwiftPackageProductDependency section */
	};
	rootObject = 47DDB7BC2F0C1CC400946C49 /* Project object */;
}
